
Microsoft Visual Studio Solution File, Format Version 12.00
# Visual Studio Version 16
VisualStudioVersion = 16.0.29911.84
MinimumVisualStudioVersion = 10.0.40219.1
Project("{9A19103F-16F7-4668-BE54-9A1E7A4F7556}") = "Tibero.EntityFrameworkCore", "Tibero.ManagedDataAccess.EntityFrameworkCore\Tibero.EntityFrameworkCore.csproj", "{6CD2CF02-3F5A-4580-B389-6773E4513245}"
EndProject
Global
	GlobalSection(SolutionConfigurationPlatforms) = preSolution
		Debug|Any CPU = Debug|Any CPU
		Release|Any CPU = Release|Any CPU
	EndGlobalSection
	GlobalSection(ProjectConfigurationPlatforms) = postSolution
		{6CD2CF02-3F5A-4580-B389-6773E4513245}.Debug|Any CPU.ActiveCfg = Debug|Any CPU
		{6CD2CF02-3F5A-4580-B389-6773E4513245}.Debug|Any CPU.Build.0 = Debug|Any CPU
		{6CD2CF02-3F5A-4580-B389-6773E4513245}.Release|Any CPU.ActiveCfg = Release|Any CPU
		{6CD2CF02-3F5A-4580-B389-6773E4513245}.Release|Any CPU.Build.0 = Release|Any CPU
	EndGlobalSection
	GlobalSection(SolutionProperties) = preSolution
		HideSolutionNode = FALSE
	EndGlobalSection
	GlobalSection(ExtensibilityGlobals) = postSolution
		SolutionGuid = {D44FDEA4-4031-4011-B46A-67B3E1412C53}
	EndGlobalSection
EndGlobal
